// !$*UTF8*$!
{
	archiveVersion = 1;
	classes = {
	};
	objectVersion = 56;
	objects = {

/* Begin PBXBuildFile section */
		DB0F0DBF2AF906A70090799E /* EndlessMode.swift in Sources */ = {isa = PBXBuildFile; fileRef = DB0F0DBE2AF906A70090799E /* EndlessMode.swift */; };
		DB0F0DC12AFB86C30090799E /* ResultView.swift in Sources */ = {isa = PBXBuildFile; fileRef = DB0F0DC02AFB86C30090799E /* ResultView.swift */; };
		DB3DAAD92AFE974200E169D0 /* AllCountries.swift in Sources */ = {isa = PBXBuildFile; fileRef = DB3DAAD82AFE974200E169D0 /* AllCountries.swift */; };
		DB3DAADE2AFFCADE00E169D0 /* GameSettings.swift in Sources */ = {isa = PBXBuildFile; fileRef = DB3DAADD2AFFCADD00E169D0 /* GameSettings.swift */; };
		DB593F092AF3A726005F5D62 /* GeniusFlagApp.swift in Sources */ = {isa = PBXBuildFile; fileRef = DB593F082AF3A726005F5D62 /* GeniusFlagApp.swift */; };
		DB593F0B2AF3A726005F5D62 /* NormalMode.swift in Sources */ = {isa = PBXBuildFile; fileRef = DB593F0A2AF3A726005F5D62 /* NormalMode.swift */; };
		DB593F0D2AF3A728005F5D62 /* Assets.xcassets in Resources */ = {isa = PBXBuildFile; fileRef = DB593F0C2AF3A728005F5D62 /* Assets.xcassets */; };
		DB593F102AF3A728005F5D62 /* Preview Assets.xcassets in Resources */ = {isa = PBXBuildFile; fileRef = DB593F0F2AF3A728005F5D62 /* Preview Assets.xcassets */; };
		DB593F172AF3CA83005F5D62 /* ContentView.swift in Sources */ = {isa = PBXBuildFile; fileRef = DB593F162AF3CA83005F5D62 /* ContentView.swift */; };
/* End PBXBuildFile section */

/* Begin PBXFileReference section */
		DB0F0DBE2AF906A70090799E /* EndlessMode.swift */ = {isa = PBXFileReference; lastKnownFileType = sourcecode.swift; path = EndlessMode.swift; sourceTree = "<group>"; };
		DB0F0DC02AFB86C30090799E /* ResultView.swift */ = {isa = PBXFileReference; lastKnownFileType = sourcecode.swift; path = ResultView.swift; sourceTree = "<group>"; };
		DB3DAAD82AFE974200E169D0 /* AllCountries.swift */ = {isa = PBXFileReference; lastKnownFileType = sourcecode.swift; path = AllCountries.swift; sourceTree = "<group>"; };
		DB3DAADD2AFFCADD00E169D0 /* GameSettings.swift */ = {isa = PBXFileReference; lastKnownFileType = sourcecode.swift; path = GameSettings.swift; sourceTree = "<group>"; };
		DB593F052AF3A726005F5D62 /* GeniusFlag.app */ = {isa = PBXFileReference; explicitFileType = wrapper.application; includeInIndex = 0; path = GeniusFlag.app; sourceTree = BUILT_PRODUCTS_DIR; };
		DB593F082AF3A726005F5D62 /* GeniusFlagApp.swift */ = {isa = PBXFileReference; lastKnownFileType = sourcecode.swift; path = GeniusFlagApp.swift; sourceTree = "<group>"; };
		DB593F0A2AF3A726005F5D62 /* NormalMode.swift */ = {isa = PBXFileReference; lastKnownFileType = sourcecode.swift; path = NormalMode.swift; sourceTree = "<group>"; };
		DB593F0C2AF3A728005F5D62 /* Assets.xcassets */ = {isa = PBXFileReference; lastKnownFileType = folder.assetcatalog; path = Assets.xcassets; sourceTree = "<group>"; };
		DB593F0F2AF3A728005F5D62 /* Preview Assets.xcassets */ = {isa = PBXFileReference; lastKnownFileType = folder.assetcatalog; path = "Preview Assets.xcassets"; sourceTree = "<group>"; };
		DB593F162AF3CA83005F5D62 /* ContentView.swift */ = {isa = PBXFileReference; lastKnownFileType = sourcecode.swift; path = ContentView.swift; sourceTree = "<group>"; };
/* End PBXFileReference section */

/* Begin PBXFrameworksBuildPhase section */
		DB593F022AF3A726005F5D62 /* Frameworks */ = {
			isa = PBXFrameworksBuildPhase;
			buildActionMask = 2147483647;
			files = (
			);
			runOnlyForDeploymentPostprocessing = 0;
		};
/* End PBXFrameworksBuildPhase section */

/* Begin PBXGroup section */
		DB3DAADA2AFEA72200E169D0 /* View */ = {
			isa = PBXGroup;
			children = (
				DB0F0DC02AFB86C30090799E /* ResultView.swift */,
				DB593F0A2AF3A726005F5D62 /* NormalMode.swift */,
				DB0F0DBE2AF906A70090799E /* EndlessMode.swift */,
			);
			name = View;
			sourceTree = "<group>";
		};
		DB593EFC2AF3A725005F5D62 = {
			isa = PBXGroup;
			children = (
				DB593F072AF3A726005F5D62 /* GeniusFlag */,
				DB593F062AF3A726005F5D62 /* Products */,
			);
			sourceTree = "<group>";
		};
		DB593F062AF3A726005F5D62 /* Products */ = {
			isa = PBXGroup;
			children = (
				DB593F052AF3A726005F5D62 /* GeniusFlag.app */,
			);
			name = Products;
			sourceTree = "<group>";
		};
		DB593F072AF3A726005F5D62 /* GeniusFlag */ = {
			isa = PBXGroup;
			children = (
				DB3DAAD82AFE974200E169D0 /* AllCountries.swift */,
				DB593F082AF3A726005F5D62 /* GeniusFlagApp.swift */,
				DB593F162AF3CA83005F5D62 /* ContentView.swift */,
				DB3DAADD2AFFCADD00E169D0 /* GameSettings.swift */,
				DB3DAADA2AFEA72200E169D0 /* View */,
				DB593F0C2AF3A728005F5D62 /* Assets.xcassets */,
				DB593F0E2AF3A728005F5D62 /* Preview Content */,
			);
			path = GeniusFlag;
			sourceTree = "<group>";
		};
		DB593F0E2AF3A728005F5D62 /* Preview Content */ = {
			isa = PBXGroup;
			children = (
				DB593F0F2AF3A728005F5D62 /* Preview Assets.xcassets */,
			);
			path = "Preview Content";
			sourceTree = "<group>";
		};
/* End PBXGroup section */

/* Begin PBXNativeTarget section */
		DB593F042AF3A726005F5D62 /* GeniusFlag */ = {
			isa = PBXNativeTarget;
			buildConfigurationList = DB593F132AF3A728005F5D62 /* Build configuration list for PBXNativeTarget "GeniusFlag" */;
			buildPhases = (
				DB593F012AF3A726005F5D62 /* Sources */,
				DB593F022AF3A726005F5D62 /* Frameworks */,
				DB593F032AF3A726005F5D62 /* Resources */,
			);
			buildRules = (
			);
			dependencies = (
			);
			name = GeniusFlag;
			productName = GeniusFlag;
			productReference = DB593F052AF3A726005F5D62 /* GeniusFlag.app */;
			productType = "com.apple.product-type.application";
		};
/* End PBXNativeTarget section */

/* Begin PBXProject section */
		DB593EFD2AF3A725005F5D62 /* Project object */ = {
			isa = PBXProject;
			attributes = {
				BuildIndependentTargetsInParallel = 1;
				LastSwiftUpdateCheck = 1500;
				LastUpgradeCheck = 1500;
				TargetAttributes = {
					DB593F042AF3A726005F5D62 = {
						CreatedOnToolsVersion = 15.0;
					};
				};
			};
			buildConfigurationList = DB593F002AF3A725005F5D62 /* Build configuration list for PBXProject "GeniusFlag" */;
			compatibilityVersion = "Xcode 14.0";
			developmentRegion = en;
			hasScannedForEncodings = 0;
			knownRegions = (
				en,
				Base,
			);
			mainGroup = DB593EFC2AF3A725005F5D62;
			productRefGroup = DB593F062AF3A726005F5D62 /* Products */;
			projectDirPath = "";
			projectRoot = "";
			targets = (
				DB593F042AF3A726005F5D62 /* GeniusFlag */,
			);
		};
/* End PBXProject section */

/* Begin PBXResourcesBuildPhase section */
		DB593F032AF3A726005F5D62 /* Resources */ = {
			isa = PBXResourcesBuildPhase;
			buildActionMask = 2147483647;
			files = (
				DB593F102AF3A728005F5D62 /* Preview Assets.xcassets in Resources */,
				DB593F0D2AF3A728005F5D62 /* Assets.xcassets in Resources */,
			);
			runOnlyForDeploymentPostprocessing = 0;
		};
/* End PBXResourcesBuildPhase section */

/* Begin PBXSourcesBuildPhase section */
		DB593F012AF3A726005F5D62 /* Sources */ = {
			isa = PBXSourcesBuildPhase;
			buildActionMask = 2147483647;
			files = (
				DB3DAAD92AFE974200E169D0 /* AllCountries.swift in Sources */,
				DB3DAADE2AFFCADE00E169D0 /* GameSettings.swift in Sources */,
				DB0F0DBF2AF906A70090799E /* EndlessMode.swift in Sources */,
				DB593F172AF3CA83005F5D62 /* ContentView.swift in Sources */,
				DB593F0B2AF3A726005F5D62 /* NormalMode.swift in Sources */,
				DB593F092AF3A726005F5D62 /* GeniusFlagApp.swift in Sources */,
				DB0F0DC12AFB86C30090799E /* ResultView.swift in Sources */,
			);
			runOnlyForDeploymentPostprocessing = 0;
		};
/* End PBXSourcesBuildPhase section */

/* Begin XCBuildConfiguration section */
		DB593F112AF3A728005F5D62 /* Debug */ = {
			isa = XCBuildConfiguration;
			buildSettings = {
				ALWAYS_SEARCH_USER_PATHS = NO;
				ASSETCATALOG_COMPILER_GENERATE_SWIFT_ASSET_SYMBOL_EXTENSIONS = YES;
				CLANG_ANALYZER_NONNULL = YES;
				CLANG_ANALYZER_NUMBER_OBJECT_CONVERSION = YES_AGGRESSIVE;
				CLANG_CXX_LANGUAGE_STANDARD = "gnu++20";
				CLANG_ENABLE_MODULES = YES;
				CLANG_ENABLE_OBJC_ARC = YES;
				CLANG_ENABLE_OBJC_WEAK = YES;
				CLANG_WARN_BLOCK_CAPTURE_AUTORELEASING = YES;
				CLANG_WARN_BOOL_CONVERSION = YES;
				CLANG_WARN_COMMA = YES;
				CLANG_WARN_CONSTANT_CONVERSION = YES;
				CLANG_WARN_DEPRECATED_OBJC_IMPLEMENTATIONS = YES;
				CLANG_WARN_DIRECT_OBJC_ISA_USAGE = YES_ERROR;
				CLANG_WARN_DOCUMENTATION_COMMENTS = YES;
				CLANG_WARN_EMPTY_BODY = YES;
				CLANG_WARN_ENUM_CONVERSION = YES;
				CLANG_WARN_INFINITE_RECURSION = YES;
				CLANG_WARN_INT_CONVERSION = YES;
				CLANG_WARN_NON_LITERAL_NULL_CONVERSION = YES;
				CLANG_WARN_OBJC_IMPLICIT_RETAIN_SELF = YES;
				CLANG_WARN_OBJC_LITERAL_CONVERSION = YES;
				CLANG_WARN_OBJC_ROOT_CLASS = YES_ERROR;
				CLANG_WARN_QUOTED_INCLUDE_IN_FRAMEWORK_HEADER = YES;
				CLANG_WARN_RANGE_LOOP_ANALYSIS = YES;
				CLANG_WARN_STRICT_PROTOTYPES = YES;
				CLANG_WARN_SUSPICIOUS_MOVE = YES;
				CLANG_WARN_UNGUARDED_AVAILABILITY = YES_AGGRESSIVE;
				CLANG_WARN_UNREACHABLE_CODE = YES;
				CLANG_WARN__DUPLICATE_METHOD_MATCH = YES;
				COPY_PHASE_STRIP = NO;
				DEBUG_INFORMATION_FORMAT = dwarf;
				ENABLE_STRICT_OBJC_MSGSEND = YES;
				ENABLE_TESTABILITY = YES;
				ENABLE_USER_SCRIPT_SANDBOXING = YES;
				GCC_C_LANGUAGE_STANDARD = gnu17;
				GCC_DYNAMIC_NO_PIC = NO;
				GCC_NO_COMMON_BLOCKS = YES;
				GCC_OPTIMIZATION_LEVEL = 0;
				GCC_PREPROCESSOR_DEFINITIONS = (
					"DEBUG=1",
					"$(inherited)",
				);
				GCC_WARN_64_TO_32_BIT_CONVERSION = YES;
				GCC_WARN_ABOUT_RETURN_TYPE = YES_ERROR;
				GCC_WARN_UNDECLARED_SELECTOR = YES;
				GCC_WARN_UNINITIALIZED_AUTOS = YES_AGGRESSIVE;
				GCC_WARN_UNUSED_FUNCTION = YES;
				GCC_WARN_UNUSED_VARIABLE = YES;
				IPHONEOS_DEPLOYMENT_TARGET = 17.0;
				LOCALIZATION_PREFERS_STRING_CATALOGS = YES;
				MTL_ENABLE_DEBUG_INFO = INCLUDE_SOURCE;
				MTL_FAST_MATH = YES;
				ONLY_ACTIVE_ARCH = YES;
				SDKROOT = iphoneos;
				SWIFT_ACTIVE_COMPILATION_CONDITIONS = "DEBUG $(inherited)";
				SWIFT_OPTIMIZATION_LEVEL = "-Onone";
			};
			name = Debug;
		};
		DB593F122AF3A728005F5D62 /* Release */ = {
			isa = XCBuildConfiguration;
			buildSettings = {
				ALWAYS_SEARCH_USER_PATHS = NO;
				ASSETCATALOG_COMPILER_GENERATE_SWIFT_ASSET_SYMBOL_EXTENSIONS = YES;
				CLANG_ANALYZER_NONNULL = YES;
				CLANG_ANALYZER_NUMBER_OBJECT_CONVERSION = YES_AGGRESSIVE;
				CLANG_CXX_LANGUAGE_STANDARD = "gnu++20";
				CLANG_ENABLE_MODULES = YES;
				CLANG_ENABLE_OBJC_ARC = YES;
				CLANG_ENABLE_OBJC_WEAK = YES;
				CLANG_WARN_BLOCK_CAPTURE_AUTORELEASING = YES;
				CLANG_WARN_BOOL_CONVERSION = YES;
				CLANG_WARN_COMMA = YES;
				CLANG_WARN_CONSTANT_CONVERSION = YES;
				CLANG_WARN_DEPRECATED_OBJC_IMPLEMENTATIONS = YES;
				CLANG_WARN_DIRECT_OBJC_ISA_USAGE = YES_ERROR;
				CLANG_WARN_DOCUMENTATION_COMMENTS = YES;
				CLANG_WARN_EMPTY_BODY = YES;
				CLANG_WARN_ENUM_CONVERSION = YES;
				CLANG_WARN_INFINITE_RECURSION = YES;
				CLANG_WARN_INT_CONVERSION = YES;
				CLANG_WARN_NON_LITERAL_NULL_CONVERSION = YES;
				CLANG_WARN_OBJC_IMPLICIT_RETAIN_SELF = YES;
				CLANG_WARN_OBJC_LITERAL_CONVERSION = YES;
				CLANG_WARN_OBJC_ROOT_CLASS = YES_ERROR;
				CLANG_WARN_QUOTED_INCLUDE_IN_FRAMEWORK_HEADER = YES;
				CLANG_WARN_RANGE_LOOP_ANALYSIS = YES;
				CLANG_WARN_STRICT_PROTOTYPES = YES;
				CLANG_WARN_SUSPICIOUS_MOVE = YES;
				CLANG_WARN_UNGUARDED_AVAILABILITY = YES_AGGRESSIVE;
				CLANG_WARN_UNREACHABLE_CODE = YES;
				CLANG_WARN__DUPLICATE_METHOD_MATCH = YES;
				COPY_PHASE_STRIP = NO;
				DEBUG_INFORMATION_FORMAT = "dwarf-with-dsym";
				ENABLE_NS_ASSERTIONS = NO;
				ENABLE_STRICT_OBJC_MSGSEND = YES;
				ENABLE_USER_SCRIPT_SANDBOXING = YES;
				GCC_C_LANGUAGE_STANDARD = gnu17;
				GCC_NO_COMMON_BLOCKS = YES;
				GCC_WARN_64_TO_32_BIT_CONVERSION = YES;
				GCC_WARN_ABOUT_RETURN_TYPE = YES_ERROR;
				GCC_WARN_UNDECLARED_SELECTOR = YES;
				GCC_WARN_UNINITIALIZED_AUTOS = YES_AGGRESSIVE;
				GCC_WARN_UNUSED_FUNCTION = YES;
				GCC_WARN_UNUSED_VARIABLE = YES;
				IPHONEOS_DEPLOYMENT_TARGET = 17.0;
				LOCALIZATION_PREFERS_STRING_CATALOGS = YES;
				MTL_ENABLE_DEBUG_INFO = NO;
				MTL_FAST_MATH = YES;
				SDKROOT = iphoneos;
				SWIFT_COMPILATION_MODE = wholemodule;
				VALIDATE_PRODUCT = YES;
			};
			name = Release;
		};
		DB593F142AF3A728005F5D62 /* Debug */ = {
			isa = XCBuildConfiguration;
			buildSettings = {
				ASSETCATALOG_COMPILER_APPICON_NAME = AppIcon;
				ASSETCATALOG_COMPILER_GLOBAL_ACCENT_COLOR_NAME = AccentColor;
				CODE_SIGN_STYLE = Automatic;
				CURRENT_PROJECT_VERSION = 1;
				DEVELOPMENT_ASSET_PATHS = "\"GeniusFlag/Preview Content\"";
				DEVELOPMENT_TEAM = 6676S9U529;
				ENABLE_PREVIEWS = YES;
				GENERATE_INFOPLIST_FILE = YES;
				INFOPLIST_KEY_UIApplicationSceneManifest_Generation = YES;
				INFOPLIST_KEY_UIApplicationSupportsIndirectInputEvents = YES;
				INFOPLIST_KEY_UILaunchScreen_Generation = YES;
				INFOPLIST_KEY_UISupportedInterfaceOrientations_iPad = "UIInterfaceOrientationPortrait UIInterfaceOrientationPortraitUpsideDown UIInterfaceOrientationLandscapeLeft UIInterfaceOrientationLandscapeRight";
				INFOPLIST_KEY_UISupportedInterfaceOrientations_iPhone = "UIInterfaceOrientationPortrait UIInterfaceOrientationLandscapeLeft UIInterfaceOrientationLandscapeRight";
				LD_RUNPATH_SEARCH_PATHS = (
					"$(inherited)",
					"@executable_path/Frameworks",
				);
				MARKETING_VERSION = 1.0;
				PRODUCT_BUNDLE_IDENTIFIER = com.mirjigit.GeniusFlag;
				PRODUCT_NAME = "$(TARGET_NAME)";
				SWIFT_EMIT_LOC_STRINGS = YES;
				SWIFT_VERSION = 5.0;
				TARGETED_DEVICE_FAMILY = "1,2";
			};
			name = Debug;
		};
		DB593F152AF3A728005F5D62 /* Release */ = {
			isa = XCBuildConfiguration;
			buildSettings = {
				ASSETCATALOG_COMPILER_APPICON_NAME = AppIcon;
				ASSETCATALOG_COMPILER_GLOBAL_ACCENT_COLOR_NAME = AccentColor;
				CODE_SIGN_STYLE = Automatic;
				CURRENT_PROJECT_VERSION = 1;
				DEVELOPMENT_ASSET_PATHS = "\"GeniusFlag/Preview Content\"";
				DEVELOPMENT_TEAM = 6676S9U529;
				ENABLE_PREVIEWS = YES;
				GENERATE_INFOPLIST_FILE = YES;
				INFOPLIST_KEY_UIApplicationSceneManifest_Generation = YES;
				INFOPLIST_KEY_UIApplicationSupportsIndirectInputEvents = YES;
				INFOPLIST_KEY_UILaunchScreen_Generation = YES;
				INFOPLIST_KEY_UISupportedInterfaceOrientations_iPad = "UIInterfaceOrientationPortrait UIInterfaceOrientationPortraitUpsideDown UIInterfaceOrientationLandscapeLeft UIInterfaceOrientationLandscapeRight";
				INFOPLIST_KEY_UISupportedInterfaceOrientations_iPhone = "UIInterfaceOrientationPortrait UIInterfaceOrientationLandscapeLeft UIInterfaceOrientationLandscapeRight";
				LD_RUNPATH_SEARCH_PATHS = (
					"$(inherited)",
					"@executable_path/Frameworks",
				);
				MARKETING_VERSION = 1.0;
				PRODUCT_BUNDLE_IDENTIFIER = com.mirjigit.GeniusFlag;
				PRODUCT_NAME = "$(TARGET_NAME)";
				SWIFT_EMIT_LOC_STRINGS = YES;
				SWIFT_VERSION = 5.0;
				TARGETED_DEVICE_FAMILY = "1,2";
			};
			name = Release;
		};
/* End XCBuildConfiguration section */

/* Begin XCConfigurationList section */
		DB593F002AF3A725005F5D62 /* Build configuration list for PBXProject "GeniusFlag" */ = {
			isa = XCConfigurationList;
			buildConfigurations = (
				DB593F112AF3A728005F5D62 /* Debug */,
				DB593F122AF3A728005F5D62 /* Release */,
			);
			defaultConfigurationIsVisible = 0;
			defaultConfigurationName = Release;
		};
		DB593F132AF3A728005F5D62 /* Build configuration list for PBXNativeTarget "GeniusFlag" */ = {
			isa = XCConfigurationList;
			buildConfigurations = (
				DB593F142AF3A728005F5D62 /* Debug */,
				DB593F152AF3A728005F5D62 /* Release */,
			);
			defaultConfigurationIsVisible = 0;
			defaultConfigurationName = Release;
		};
/* End XCConfigurationList section */
	};
	rootObject = DB593EFD2AF3A725005F5D62 /* Project object */;
}
